PODS:
  - Flutter (1.0.0)
  - flutter_local_notifications (0.0.1):
    - Flutter
  - image_cropper (0.0.4):
    - Flutter
    - TOCropViewController (~> 2.6.1)
  - image_gallery_saver (2.0.2):
    - Flutter
  - image_picker_ios (0.0.1):
    - Flutter
  - path_provider_foundation (0.0.1):
    - Flutter
    - FlutterMacOS
  - sqflite (0.0.3):
    - Flutter
    - FlutterMacOS
  - TOCropViewController (2.6.1)

DEPENDENCIES:
  - Flutter (from `Flutter`)
  - flutter_local_notifications (from `.symlinks/plugins/flutter_local_notifications/ios`)
  - image_cropper (from `.symlinks/plugins/image_cropper/ios`)
  - image_gallery_saver (from `.symlinks/plugins/image_gallery_saver/ios`)
  - image_picker_ios (from `.symlinks/plugins/image_picker_ios/ios`)
  - path_provider_foundation (from `.symlinks/plugins/path_provider_foundation/darwin`)
  - sqflite (from `.symlinks/plugins/sqflite/darwin`)

SPEC REPOS:
  trunk:
    - TOCropViewController

EXTERNAL SOURCES:
  Flutter:
    :path: Flutter
  flutter_local_notifications:
    :path: ".symlinks/plugins/flutter_local_notifications/ios"
  image_cropper:
    :path: ".symlinks/plugins/image_cropper/ios"
  image_gallery_saver:
    :path: ".symlinks/plugins/image_gallery_saver/ios"
  image_picker_ios:
    :path: ".symlinks/plugins/image_picker_ios/ios"
  path_provider_foundation:
    :path: ".symlinks/plugins/path_provider_foundation/darwin"
  sqflite:
    :path: ".symlinks/plugins/sqflite/darwin"

SPEC CHECKSUMS:
  Flutter: e0871f40cf51350855a761d2e70bf5af5b9b5de7
  flutter_local_notifications: 4cde75091f6327eb8517fa068a0a5950212d2086
  image_cropper: a3291c624a953049bc6a02e1f8c8ceb162a24b25
  image_gallery_saver: cb43cc43141711190510e92c460eb1655cd343cb
  image_picker_ios: c560581cceedb403a6ff17f2f816d7fea1421fc1
  path_provider_foundation: 2b6b4c569c0fb62ec74538f866245ac84301af46
  sqflite: 673a0e54cc04b7d6dba8d24fb8095b31c3a99eec
  TOCropViewController: edfd4f25713d56905ad1e0b9f5be3fbe0f59c863

PODFILE CHECKSUM: 2f8d333ded6a2ae95221b60ab22b92340a3f0fd5

COCOAPODS: 1.15.2
